// !$*UTF8*$!
{
	archiveVersion = 1;
	classes = {
	};
	objectVersion = 50;
	objects = {

/* Begin PBXBuildFile section */
		3A62A2E68723E6FEB6E45BC5 /* Pods_iMusic.framework in Frameworks */ = {isa = PBXBuildFile; fileRef = 7A25812C2F9B6640CDD3EE9E /* Pods_iMusic.framework */; };
		63A778E325011396008260BB /* AppDelegate.swift in Sources */ = {isa = PBXBuildFile; fileRef = 63A778E225011396008260BB /* AppDelegate.swift */; };
		63A778E525011396008260BB /* SceneDelegate.swift in Sources */ = {isa = PBXBuildFile; fileRef = 63A778E425011396008260BB /* SceneDelegate.swift */; };
		63A778E725011396008260BB /* ViewController.swift in Sources */ = {isa = PBXBuildFile; fileRef = 63A778E625011396008260BB /* ViewController.swift */; };
		63A778EA25011396008260BB /* Main.storyboard in Resources */ = {isa = PBXBuildFile; fileRef = 63A778E825011396008260BB /* Main.storyboard */; };
		63A778EC25011397008260BB /* Assets.xcassets in Resources */ = {isa = PBXBuildFile; fileRef = 63A778EB25011397008260BB /* Assets.xcassets */; };
		63A778EF25011397008260BB /* LaunchScreen.storyboard in Resources */ = {isa = PBXBuildFile; fileRef = 63A778ED25011397008260BB /* LaunchScreen.storyboard */; };
		63A778F7250113E3008260BB /* MainViewController.swift in Sources */ = {isa = PBXBuildFile; fileRef = 63A778F6250113E3008260BB /* MainViewController.swift */; };
		63A778F9250118C5008260BB /* SearchTableViewController.swift in Sources */ = {isa = PBXBuildFile; fileRef = 63A778F8250118C5008260BB /* SearchTableViewController.swift */; };
/* End PBXBuildFile section */

/* Begin PBXFileReference section */
		3C1C0F2075B5001A168D7BCB /* Pods-iMusic.debug.xcconfig */ = {isa = PBXFileReference; includeInIndex = 1; lastKnownFileType = text.xcconfig; name = "Pods-iMusic.debug.xcconfig"; path = "Target Support Files/Pods-iMusic/Pods-iMusic.debug.xcconfig"; sourceTree = "<group>"; };
		63A778DF25011396008260BB /* iMusic.app */ = {isa = PBXFileReference; explicitFileType = wrapper.application; includeInIndex = 0; path = iMusic.app; sourceTree = BUILT_PRODUCTS_DIR; };
		63A778E225011396008260BB /* AppDelegate.swift */ = {isa = PBXFileReference; lastKnownFileType = sourcecode.swift; path = AppDelegate.swift; sourceTree = "<group>"; };
		63A778E425011396008260BB /* SceneDelegate.swift */ = {isa = PBXFileReference; lastKnownFileType = sourcecode.swift; path = SceneDelegate.swift; sourceTree = "<group>"; };
		63A778E625011396008260BB /* ViewController.swift */ = {isa = PBXFileReference; lastKnownFileType = sourcecode.swift; path = ViewController.swift; sourceTree = "<group>"; };
		63A778E925011396008260BB /* Base */ = {isa = PBXFileReference; lastKnownFileType = file.storyboard; name = Base; path = Base.lproj/Main.storyboard; sourceTree = "<group>"; };
		63A778EB25011397008260BB /* Assets.xcassets */ = {isa = PBXFileReference; lastKnownFileType = folder.assetcatalog; path = Assets.xcassets; sourceTree = "<group>"; };
		63A778EE25011397008260BB /* Base */ = {isa = PBXFileReference; lastKnownFileType = file.storyboard; name = Base; path = Base.lproj/LaunchScreen.storyboard; sourceTree = "<group>"; };
		63A778F025011397008260BB /* Info.plist */ = {isa = PBXFileReference; lastKnownFileType = text.plist.xml; path = Info.plist; sourceTree = "<group>"; };
		63A778F6250113E3008260BB /* MainViewController.swift */ = {isa = PBXFileReference; lastKnownFileType = sourcecode.swift; path = MainViewController.swift; sourceTree = "<group>"; };
		63A778F8250118C5008260BB /* SearchTableViewController.swift */ = {isa = PBXFileReference; lastKnownFileType = sourcecode.swift; path = SearchTableViewController.swift; sourceTree = "<group>"; };
		7A25812C2F9B6640CDD3EE9E /* Pods_iMusic.framework */ = {isa = PBXFileReference; explicitFileType = wrapper.framework; includeInIndex = 0; path = Pods_iMusic.framework; sourceTree = BUILT_PRODUCTS_DIR; };
		AFC41B3B4B46AE42B4E1EA66 /* Pods-iMusic.release.xcconfig */ = {isa = PBXFileReference; includeInIndex = 1; lastKnownFileType = text.xcconfig; name = "Pods-iMusic.release.xcconfig"; path = "Target Support Files/Pods-iMusic/Pods-iMusic.release.xcconfig"; sourceTree = "<group>"; };
/* End PBXFileReference section */

/* Begin PBXFrameworksBuildPhase section */
		63A778DC25011396008260BB /* Frameworks */ = {
			isa = PBXFrameworksBuildPhase;
			buildActionMask = 2147483647;
			files = (
				3A62A2E68723E6FEB6E45BC5 /* Pods_iMusic.framework in Frameworks */,
			);
			runOnlyForDeploymentPostprocessing = 0;
		};
/* End PBXFrameworksBuildPhase section */

/* Begin PBXGroup section */
		63A778D625011396008260BB = {
			isa = PBXGroup;
			children = (
				63A778E125011396008260BB /* iMusic */,
				63A778E025011396008260BB /* Products */,
				AA48619B593E2100B5AA38D6 /* Pods */,
				723864171A8EE690F14A0266 /* Frameworks */,
			);
			sourceTree = "<group>";
		};
		63A778E025011396008260BB /* Products */ = {
			isa = PBXGroup;
			children = (
				63A778DF25011396008260BB /* iMusic.app */,
			);
			name = Products;
			sourceTree = "<group>";
		};
		63A778E125011396008260BB /* iMusic */ = {
			isa = PBXGroup;
			children = (
				63A778E225011396008260BB /* AppDelegate.swift */,
				63A778E425011396008260BB /* SceneDelegate.swift */,
				63A778F6250113E3008260BB /* MainViewController.swift */,
				63A778F8250118C5008260BB /* SearchTableViewController.swift */,
				63A778E625011396008260BB /* ViewController.swift */,
				63A778E825011396008260BB /* Main.storyboard */,
				63A778EB25011397008260BB /* Assets.xcassets */,
				63A778ED25011397008260BB /* LaunchScreen.storyboard */,
				63A778F025011397008260BB /* Info.plist */,
			);
			path = iMusic;
			sourceTree = "<group>";
		};
		723864171A8EE690F14A0266 /* Frameworks */ = {
			isa = PBXGroup;
			children = (
				7A25812C2F9B6640CDD3EE9E /* Pods_iMusic.framework */,
			);
			name = Frameworks;
			sourceTree = "<group>";
		};
		AA48619B593E2100B5AA38D6 /* Pods */ = {
			isa = PBXGroup;
			children = (
				3C1C0F2075B5001A168D7BCB /* Pods-iMusic.debug.xcconfig */,
				AFC41B3B4B46AE42B4E1EA66 /* Pods-iMusic.release.xcconfig */,
			);
			name = Pods;
			path = Pods;
			sourceTree = "<group>";
		};
/* End PBXGroup section */

/* Begin PBXNativeTarget section */
		63A778DE25011396008260BB /* iMusic */ = {
			isa = PBXNativeTarget;
			buildConfigurationList = 63A778F325011397008260BB /* Build configuration list for PBXNativeTarget "iMusic" */;
			buildPhases = (
				2D801F759DC860B3B4CB9EA1 /* [CP] Check Pods Manifest.lock */,
				63A778DB25011396008260BB /* Sources */,
				63A778DC25011396008260BB /* Frameworks */,
				63A778DD25011396008260BB /* Resources */,
				8BC8B835F9327B5106F936C9 /* [CP] Embed Pods Frameworks */,
			);
			buildRules = (
			);
			dependencies = (
			);
			name = iMusic;
			productName = iMusic;
			productReference = 63A778DF25011396008260BB /* iMusic.app */;
			productType = "com.apple.product-type.application";
		};
/* End PBXNativeTarget section */

/* Begin PBXProject section */
		63A778D725011396008260BB /* Project object */ = {
			isa = PBXProject;
			attributes = {
				LastSwiftUpdateCheck = 1160;
				LastUpgradeCheck = 1160;
				ORGANIZATIONNAME = "Alex Sadunenko";
				TargetAttributes = {
					63A778DE25011396008260BB = {
						CreatedOnToolsVersion = 11.6;
					};
				};
			};
			buildConfigurationList = 63A778DA25011396008260BB /* Build configuration list for PBXProject "iMusic" */;
			compatibilityVersion = "Xcode 9.3";
			developmentRegion = en;
			hasScannedForEncodings = 0;
			knownRegions = (
				en,
				Base,
			);
			mainGroup = 63A778D625011396008260BB;
			productRefGroup = 63A778E025011396008260BB /* Products */;
			projectDirPath = "";
			projectRoot = "";
			targets = (
				63A778DE25011396008260BB /* iMusic */,
			);
		};
/* End PBXProject section */

/* Begin PBXResourcesBuildPhase section */
		63A778DD25011396008260BB /* Resources */ = {
			isa = PBXResourcesBuildPhase;
			buildActionMask = 2147483647;
			files = (
				63A778EF25011397008260BB /* LaunchScreen.storyboard in Resources */,
				63A778EC25011397008260BB /* Assets.xcassets in Resources */,
				63A778EA25011396008260BB /* Main.storyboard in Resources */,
			);
			runOnlyForDeploymentPostprocessing = 0;
		};
/* End PBXResourcesBuildPhase section */

/* Begin PBXShellScriptBuildPhase section */
		2D801F759DC860B3B4CB9EA1 /* [CP] Check Pods Manifest.lock */ = {
			isa = PBXShellScriptBuildPhase;
			buildActionMask = 2147483647;
			files = (
			);
			inputFileListPaths = (
			);
			inputPaths = (
				"${PODS_PODFILE_DIR_PATH}/Podfile.lock",
				"${PODS_ROOT}/Manifest.lock",
			);
			name = "[CP] Check Pods Manifest.lock";
			outputFileListPaths = (
			);
			outputPaths = (
				"$(DERIVED_FILE_DIR)/Pods-iMusic-checkManifestLockResult.txt",
			);
			runOnlyForDeploymentPostprocessing = 0;
			shellPath = /bin/sh;
			shellScript = "diff \"${PODS_PODFILE_DIR_PATH}/Podfile.lock\" \"${PODS_ROOT}/Manifest.lock\" > /dev/null\nif [ $? != 0 ] ; then\n    # print error to STDERR\n    echo \"error: The sandbox is not in sync with the Podfile.lock. Run 'pod install' or update your CocoaPods installation.\" >&2\n    exit 1\nfi\n# This output is used by Xcode 'outputs' to avoid re-running this script phase.\necho \"SUCCESS\" > \"${SCRIPT_OUTPUT_FILE_0}\"\n";
			showEnvVarsInLog = 0;
		};
		8BC8B835F9327B5106F936C9 /* [CP] Embed Pods Frameworks */ = {
			isa = PBXShellScriptBuildPhase;
			buildActionMask = 2147483647;
			files = (
			);
			inputFileListPaths = (
				"${PODS_ROOT}/Target Support Files/Pods-iMusic/Pods-iMusic-frameworks-${CONFIGURATION}-input-files.xcfilelist",
			);
			name = "[CP] Embed Pods Frameworks";
			outputFileListPaths = (
				"${PODS_ROOT}/Target Support Files/Pods-iMusic/Pods-iMusic-frameworks-${CONFIGURATION}-output-files.xcfilelist",
			);
			runOnlyForDeploymentPostprocessing = 0;
			shellPath = /bin/sh;
			shellScript = "\"${PODS_ROOT}/Target Support Files/Pods-iMusic/Pods-iMusic-frameworks.sh\"\n";
			showEnvVarsInLog = 0;
		};
/* End PBXShellScriptBuildPhase section */

/* Begin PBXSourcesBuildPhase section */
		63A778DB25011396008260BB /* Sources */ = {
			isa = PBXSourcesBuildPhase;
			buildActionMask = 2147483647;
			files = (
				63A778E725011396008260BB /* ViewController.swift in Sources */,
				63A778E325011396008260BB /* AppDelegate.swift in Sources */,
				63A778F9250118C5008260BB /* SearchTableViewController.swift in Sources */,
				63A778E525011396008260BB /* SceneDelegate.swift in Sources */,
				63A778F7250113E3008260BB /* MainViewController.swift in Sources */,
			);
			runOnlyForDeploymentPostprocessing = 0;
		};
/* End PBXSourcesBuildPhase section */

/* Begin PBXVariantGroup section */
		63A778E825011396008260BB /* Main.storyboard */ = {
			isa = PBXVariantGroup;
			children = (
				63A778E925011396008260BB /* Base */,
			);
			name = Main.storyboard;
			sourceTree = "<group>";
		};
		63A778ED25011397008260BB /* LaunchScreen.storyboard */ = {
			isa = PBXVariantGroup;
			children = (
				63A778EE25011397008260BB /* Base */,
			);
			name = LaunchScreen.storyboard;
			sourceTree = "<group>";
		};
/* End PBXVariantGroup section */

/* Begin XCBuildConfiguration section */
		63A778F125011397008260BB /* Debug */ = {
			isa = XCBuildConfiguration;
			buildSettings = {
				ALWAYS_SEARCH_USER_PATHS = NO;
				CLANG_ANALYZER_NONNULL = YES;
				CLANG_ANALYZER_NUMBER_OBJECT_CONVERSION = YES_AGGRESSIVE;
				CLANG_CXX_LANGUAGE_STANDARD = "gnu++14";
				CLANG_CXX_LIBRARY = "libc++";
				CLANG_ENABLE_MODULES = YES;
				CLANG_ENABLE_OBJC_ARC = YES;
				CLANG_ENABLE_OBJC_WEAK = YES;
				CLANG_WARN_BLOCK_CAPTURE_AUTORELEASING = YES;
				CLANG_WARN_BOOL_CONVERSION = YES;
				CLANG_WARN_COMMA = YES;
				CLANG_WARN_CONSTANT_CONVERSION = YES;
				CLANG_WARN_DEPRECATED_OBJC_IMPLEMENTATIONS = YES;
				CLANG_WARN_DIRECT_OBJC_ISA_USAGE = YES_ERROR;
				CLANG_WARN_DOCUMENTATION_COMMENTS = YES;
				CLANG_WARN_EMPTY_BODY = YES;
				CLANG_WARN_ENUM_CONVERSION = YES;
				CLANG_WARN_INFINITE_RECURSION = YES;
				CLANG_WARN_INT_CONVERSION = YES;
				CLANG_WARN_NON_LITERAL_NULL_CONVERSION = YES;
				CLANG_WARN_OBJC_IMPLICIT_RETAIN_SELF = YES;
				CLANG_WARN_OBJC_LITERAL_CONVERSION = YES;
				CLANG_WARN_OBJC_ROOT_CLASS = YES_ERROR;
				CLANG_WARN_RANGE_LOOP_ANALYSIS = YES;
				CLANG_WARN_STRICT_PROTOTYPES = YES;
				CLANG_WARN_SUSPICIOUS_MOVE = YES;
				CLANG_WARN_UNGUARDED_AVAILABILITY = YES_AGGRESSIVE;
				CLANG_WARN_UNREACHABLE_CODE = YES;
				CLANG_WARN__DUPLICATE_METHOD_MATCH = YES;
				COPY_PHASE_STRIP = NO;
				DEBUG_INFORMATION_FORMAT = dwarf;
				ENABLE_STRICT_OBJC_MSGSEND = YES;
				ENABLE_TESTABILITY = YES;
				GCC_C_LANGUAGE_STANDARD = gnu11;
				GCC_DYNAMIC_NO_PIC = NO;
				GCC_NO_COMMON_BLOCKS = YES;
				GCC_OPTIMIZATION_LEVEL = 0;
				GCC_PREPROCESSOR_DEFINITIONS = (
					"DEBUG=1",
					"$(inherited)",
				);
				GCC_WARN_64_TO_32_BIT_CONVERSION = YES;
				GCC_WARN_ABOUT_RETURN_TYPE = YES_ERROR;
				GCC_WARN_UNDECLARED_SELECTOR = YES;
				GCC_WARN_UNINITIALIZED_AUTOS = YES_AGGRESSIVE;
				GCC_WARN_UNUSED_FUNCTION = YES;
				GCC_WARN_UNUSED_VARIABLE = YES;
				IPHONEOS_DEPLOYMENT_TARGET = 13.6;
				MTL_ENABLE_DEBUG_INFO = INCLUDE_SOURCE;
				MTL_FAST_MATH = YES;
				ONLY_ACTIVE_ARCH = YES;
				SDKROOT = iphoneos;
				SWIFT_ACTIVE_COMPILATION_CONDITIONS = DEBUG;
				SWIFT_OPTIMIZATION_LEVEL = "-Onone";
			};
			name = Debug;
		};
		63A778F225011397008260BB /* Release */ = {
			isa = XCBuildConfiguration;
			buildSettings = {
				ALWAYS_SEARCH_USER_PATHS = NO;
				CLANG_ANALYZER_NONNULL = YES;
				CLANG_ANALYZER_NUMBER_OBJECT_CONVERSION = YES_AGGRESSIVE;
				CLANG_CXX_LANGUAGE_STANDARD = "gnu++14";
				CLANG_CXX_LIBRARY = "libc++";
				CLANG_ENABLE_MODULES = YES;
				CLANG_ENABLE_OBJC_ARC = YES;
				CLANG_ENABLE_OBJC_WEAK = YES;
				CLANG_WARN_BLOCK_CAPTURE_AUTORELEASING = YES;
				CLANG_WARN_BOOL_CONVERSION = YES;
				CLANG_WARN_COMMA = YES;
				CLANG_WARN_CONSTANT_CONVERSION = YES;
				CLANG_WARN_DEPRECATED_OBJC_IMPLEMENTATIONS = YES;
				CLANG_WARN_DIRECT_OBJC_ISA_USAGE = YES_ERROR;
				CLANG_WARN_DOCUMENTATION_COMMENTS = YES;
				CLANG_WARN_EMPTY_BODY = YES;
				CLANG_WARN_ENUM_CONVERSION = YES;
				CLANG_WARN_INFINITE_RECURSION = YES;
				CLANG_WARN_INT_CONVERSION = YES;
				CLANG_WARN_NON_LITERAL_NULL_CONVERSION = YES;
				CLANG_WARN_OBJC_IMPLICIT_RETAIN_SELF = YES;
				CLANG_WARN_OBJC_LITERAL_CONVERSION = YES;
				CLANG_WARN_OBJC_ROOT_CLASS = YES_ERROR;
				CLANG_WARN_RANGE_LOOP_ANALYSIS = YES;
				CLANG_WARN_STRICT_PROTOTYPES = YES;
				CLANG_WARN_SUSPICIOUS_MOVE = YES;
				CLANG_WARN_UNGUARDED_AVAILABILITY = YES_AGGRESSIVE;
				CLANG_WARN_UNREACHABLE_CODE = YES;
				CLANG_WARN__DUPLICATE_METHOD_MATCH = YES;
				COPY_PHASE_STRIP = NO;
				DEBUG_INFORMATION_FORMAT = "dwarf-with-dsym";
				ENABLE_NS_ASSERTIONS = NO;
				ENABLE_STRICT_OBJC_MSGSEND = YES;
				GCC_C_LANGUAGE_STANDARD = gnu11;
				GCC_NO_COMMON_BLOCKS = YES;
				GCC_WARN_64_TO_32_BIT_CONVERSION = YES;
				GCC_WARN_ABOUT_RETURN_TYPE = YES_ERROR;
				GCC_WARN_UNDECLARED_SELECTOR = YES;
				GCC_WARN_UNINITIALIZED_AUTOS = YES_AGGRESSIVE;
				GCC_WARN_UNUSED_FUNCTION = YES;
				GCC_WARN_UNUSED_VARIABLE = YES;
				IPHONEOS_DEPLOYMENT_TARGET = 13.6;
				MTL_ENABLE_DEBUG_INFO = NO;
				MTL_FAST_MATH = YES;
				SDKROOT = iphoneos;
				SWIFT_COMPILATION_MODE = wholemodule;
				SWIFT_OPTIMIZATION_LEVEL = "-O";
				VALIDATE_PRODUCT = YES;
			};
			name = Release;
		};
		63A778F425011397008260BB /* Debug */ = {
			isa = XCBuildConfiguration;
			baseConfigurationReference = 3C1C0F2075B5001A168D7BCB /* Pods-iMusic.debug.xcconfig */;
			buildSettings = {
				ASSETCATALOG_COMPILER_APPICON_NAME = AppIcon;
				CODE_SIGN_STYLE = Automatic;
				INFOPLIST_FILE = iMusic/Info.plist;
				LD_RUNPATH_SEARCH_PATHS = (
					"$(inherited)",
					"@executable_path/Frameworks",
				);
				PRODUCT_BUNDLE_IDENTIFIER = com.sadunenko.iMusic;
				PRODUCT_NAME = "$(TARGET_NAME)";
				SWIFT_VERSION = 5.0;
				TARGETED_DEVICE_FAMILY = "1,2";
			};
			name = Debug;
		};
		63A778F525011397008260BB /* Release */ = {
			isa = XCBuildConfiguration;
			baseConfigurationReference = AFC41B3B4B46AE42B4E1EA66 /* Pods-iMusic.release.xcconfig */;
			buildSettings = {
				ASSETCATALOG_COMPILER_APPICON_NAME = AppIcon;
				CODE_SIGN_STYLE = Automatic;
				INFOPLIST_FILE = iMusic/Info.plist;
				LD_RUNPATH_SEARCH_PATHS = (
					"$(inherited)",
					"@executable_path/Frameworks",
				);
				PRODUCT_BUNDLE_IDENTIFIER = com.sadunenko.iMusic;
				PRODUCT_NAME = "$(TARGET_NAME)";
				SWIFT_VERSION = 5.0;
				TARGETED_DEVICE_FAMILY = "1,2";
			};
			name = Release;
		};
/* End XCBuildConfiguration section */

/* Begin XCConfigurationList section */
		63A778DA25011396008260BB /* Build configuration list for PBXProject "iMusic" */ = {
			isa = XCConfigurationList;
			buildConfigurations = (
				63A778F125011397008260BB /* Debug */,
				63A778F225011397008260BB /* Release */,
			);
			defaultConfigurationIsVisible = 0;
			defaultConfigurationName = Release;
		};
		63A778F325011397008260BB /* Build configuration list for PBXNativeTarget "iMusic" */ = {
			isa = XCConfigurationList;
			buildConfigurations = (
				63A778F425011397008260BB /* Debug */,
				63A778F525011397008260BB /* Release */,
			);
			defaultConfigurationIsVisible = 0;
			defaultConfigurationName = Release;
		};
/* End XCConfigurationList section */
	};
	rootObject = 63A778D725011396008260BB /* Project object */;
}
